
Microsoft Visual Studio Solution File, Format Version 12.00
# Visual Studio Version 17
VisualStudioVersion = 17.3.32825.248
MinimumVisualStudioVersion = 10.0.40219.1
Project("{FAE04EC0-301F-11D3-BF4B-00C04F79EFBC}") = "Galeria.Carros", "src\Galeria.Carros\Galeria.Carros.csproj", "{9A7D6078-C517-437D-A5B4-59269463C7BF}"
EndProject
Global
	GlobalSection(SolutionConfigurationPlatforms) = preSolution
		Debug|Any CPU = Debug|Any CPU
		Release|Any CPU = Release|Any CPU
	EndGlobalSection
	GlobalSection(ProjectConfigurationPlatforms) = postSolution
		{9A7D6078-C517-437D-A5B4-59269463C7BF}.Debug|Any CPU.ActiveCfg = Debug|Any CPU
		{9A7D6078-C517-437D-A5B4-59269463C7BF}.Debug|Any CPU.Build.0 = Debug|Any CPU
		{9A7D6078-C517-437D-A5B4-59269463C7BF}.Release|Any CPU.ActiveCfg = Release|Any CPU
		{9A7D6078-C517-437D-A5B4-59269463C7BF}.Release|Any CPU.Build.0 = Release|Any CPU
	EndGlobalSection
	GlobalSection(SolutionProperties) = preSolution
		HideSolutionNode = FALSE
	EndGlobalSection
	GlobalSection(ExtensibilityGlobals) = postSolution
		SolutionGuid = {6BE221A5-368D-4911-8FC0-FEE4170CFBB6}
	EndGlobalSection
EndGlobal
